{
  "name": "random-messages-al3jodev",
  "version": "1.0.2",
  "lockfileVersion": 2,
  "requires": true,
  "packages": {
    "": {
      "name": "random-messages-al3jodev",
      "version": "1.0.2",
      "license": "MIT",
      "dependencies": {
        "f": "^1.4.0",
        "g": "^2.0.1"
      },
      "bin": {
        "random-msg": "bin/global.js"
      }
    },
    "node_modules/f": {
      "version": "1.4.0",
      "resolved": "https://registry.npmjs.org/f/-/f-1.4.0.tgz",
      "integrity": "sha512-THMsoTpFuIFoQ538jpbW7x/9pVaE0jdKN2O+nd7xpeUT17lECGX8M+QOaZ186ipc3XSzSFOytaXFidItHix44Q=="
    },
    "node_modules/g": {
      "version": "2.0.1",
      "resolved": "https://registry.npmjs.org/g/-/g-2.0.1.tgz",
      "integrity": "sha512-Fi6Ng5fZ/ANLQ15H11hCe+09sgUoNvDEBevVgx3KoYOhsH5iLNPn54hx0jPZ+3oSWr+xajnp2Qau9VmPsc7hTA=="
    }
  },
  "dependencies": {
    "f": {
      "version": "1.4.0",
      "resolved": "https://registry.npmjs.org/f/-/f-1.4.0.tgz",
      "integrity": "sha512-THMsoTpFuIFoQ538jpbW7x/9pVaE0jdKN2O+nd7xpeUT17lECGX8M+QOaZ186ipc3XSzSFOytaXFidItHix44Q=="
    },
    "g": {
      "version": "2.0.1",
      "resolved": "https://registry.npmjs.org/g/-/g-2.0.1.tgz",
      "integrity": "sha512-Fi6Ng5fZ/ANLQ15H11hCe+09sgUoNvDEBevVgx3KoYOhsH5iLNPn54hx0jPZ+3oSWr+xajnp2Qau9VmPsc7hTA=="
    }
  }
}
